
Microsoft Visual Studio Solution File, Format Version 12.00
# Visual Studio 14
VisualStudioVersion = 14.0.23107.0
MinimumVisualStudioVersion = 10.0.40219.1
Project("{FAE04EC0-301F-11D3-BF4B-00C04F79EFBC}") = "CodeSegment", "CodeSegment\CodeSegment.csproj", "{3311BB78-DA3B-4CD4-92A4-289730B85F4A}"
EndProject
Project("{FAE04EC0-301F-11D3-BF4B-00C04F79EFBC}") = "Test", "Test\Test.csproj", "{9E874536-6A1D-4234-9BFA-6D0E5F1EB04A}"
EndProject
Global
	GlobalSection(SolutionConfigurationPlatforms) = preSolution
		Debug|Any CPU = Debug|Any CPU
		Release|Any CPU = Release|Any CPU
	EndGlobalSection
	GlobalSection(ProjectConfigurationPlatforms) = postSolution
		{3311BB78-DA3B-4CD4-92A4-289730B85F4A}.Debug|Any CPU.ActiveCfg = Debug|Any CPU
		{3311BB78-DA3B-4CD4-92A4-289730B85F4A}.Debug|Any CPU.Build.0 = Debug|Any CPU
		{3311BB78-DA3B-4CD4-92A4-289730B85F4A}.Release|Any CPU.ActiveCfg = Release|Any CPU
		{3311BB78-DA3B-4CD4-92A4-289730B85F4A}.Release|Any CPU.Build.0 = Release|Any CPU
		{9E874536-6A1D-4234-9BFA-6D0E5F1EB04A}.Debug|Any CPU.ActiveCfg = Debug|Any CPU
		{9E874536-6A1D-4234-9BFA-6D0E5F1EB04A}.Debug|Any CPU.Build.0 = Debug|Any CPU
		{9E874536-6A1D-4234-9BFA-6D0E5F1EB04A}.Release|Any CPU.ActiveCfg = Release|Any CPU
		{9E874536-6A1D-4234-9BFA-6D0E5F1EB04A}.Release|Any CPU.Build.0 = Release|Any CPU
	EndGlobalSection
	GlobalSection(SolutionProperties) = preSolution
		HideSolutionNode = FALSE
	EndGlobalSection
EndGlobal
